// !$*UTF8*$!
{
	archiveVersion = 1;
	classes = {
	};
	objectVersion = 50;
	objects = {

/* Begin PBXBuildFile section */
		1E01CEF226954C690008C5B0 /* AppDelegate.swift in Sources */ = {isa = PBXBuildFile; fileRef = 1E01CEF126954C690008C5B0 /* AppDelegate.swift */; };
		1E01CEF426954C690008C5B0 /* SceneDelegate.swift in Sources */ = {isa = PBXBuildFile; fileRef = 1E01CEF326954C690008C5B0 /* SceneDelegate.swift */; };
		1E01CEF926954C6A0008C5B0 /* Main.storyboard in Resources */ = {isa = PBXBuildFile; fileRef = 1E01CEF726954C6A0008C5B0 /* Main.storyboard */; };
		1E01CEFC26954C6A0008C5B0 /* delegation_pattern_iti.xcdatamodeld in Sources */ = {isa = PBXBuildFile; fileRef = 1E01CEFA26954C6A0008C5B0 /* delegation_pattern_iti.xcdatamodeld */; };
		1E01CEFE26954C6B0008C5B0 /* Assets.xcassets in Resources */ = {isa = PBXBuildFile; fileRef = 1E01CEFD26954C6B0008C5B0 /* Assets.xcassets */; };
		1E01CF0126954C6B0008C5B0 /* LaunchScreen.storyboard in Resources */ = {isa = PBXBuildFile; fileRef = 1E01CEFF26954C6B0008C5B0 /* LaunchScreen.storyboard */; };
		1E0CFA3126955D7100BE22D9 /* MoviesTableViewController.swift in Sources */ = {isa = PBXBuildFile; fileRef = 1E0CFA3026955D7100BE22D9 /* MoviesTableViewController.swift */; };
		1E0CFA3326955DAF00BE22D9 /* AddMovieViewController.swift in Sources */ = {isa = PBXBuildFile; fileRef = 1E0CFA3226955DAF00BE22D9 /* AddMovieViewController.swift */; };
		1E0CFA3526955E0700BE22D9 /* Movie.swift in Sources */ = {isa = PBXBuildFile; fileRef = 1E0CFA3426955E0700BE22D9 /* Movie.swift */; };
		1E0CFA3726955F3400BE22D9 /* AddMovieProtocol.swift in Sources */ = {isa = PBXBuildFile; fileRef = 1E0CFA3626955F3400BE22D9 /* AddMovieProtocol.swift */; };
		1E52DC2126956BB000BE6F8F /* forthViewController.swift in Sources */ = {isa = PBXBuildFile; fileRef = 1E52DC2026956BB000BE6F8F /* forthViewController.swift */; };
/* End PBXBuildFile section */

/* Begin PBXFileReference section */
		1E01CEEE26954C690008C5B0 /* delegation pattern iti.app */ = {isa = PBXFileReference; explicitFileType = wrapper.application; includeInIndex = 0; path = "delegation pattern iti.app"; sourceTree = BUILT_PRODUCTS_DIR; };
		1E01CEF126954C690008C5B0 /* AppDelegate.swift */ = {isa = PBXFileReference; lastKnownFileType = sourcecode.swift; path = AppDelegate.swift; sourceTree = "<group>"; };
		1E01CEF326954C690008C5B0 /* SceneDelegate.swift */ = {isa = PBXFileReference; lastKnownFileType = sourcecode.swift; path = SceneDelegate.swift; sourceTree = "<group>"; };
		1E01CEF826954C6A0008C5B0 /* Base */ = {isa = PBXFileReference; lastKnownFileType = file.storyboard; name = Base; path = Base.lproj/Main.storyboard; sourceTree = "<group>"; };
		1E01CEFB26954C6A0008C5B0 /* delegation_pattern_iti.xcdatamodel */ = {isa = PBXFileReference; lastKnownFileType = wrapper.xcdatamodel; path = delegation_pattern_iti.xcdatamodel; sourceTree = "<group>"; };
		1E01CEFD26954C6B0008C5B0 /* Assets.xcassets */ = {isa = PBXFileReference; lastKnownFileType = folder.assetcatalog; path = Assets.xcassets; sourceTree = "<group>"; };
		1E01CF0026954C6B0008C5B0 /* Base */ = {isa = PBXFileReference; lastKnownFileType = file.storyboard; name = Base; path = Base.lproj/LaunchScreen.storyboard; sourceTree = "<group>"; };
		1E01CF0226954C6B0008C5B0 /* Info.plist */ = {isa = PBXFileReference; lastKnownFileType = text.plist.xml; path = Info.plist; sourceTree = "<group>"; };
		1E0CFA3026955D7100BE22D9 /* MoviesTableViewController.swift */ = {isa = PBXFileReference; lastKnownFileType = sourcecode.swift; path = MoviesTableViewController.swift; sourceTree = "<group>"; };
		1E0CFA3226955DAF00BE22D9 /* AddMovieViewController.swift */ = {isa = PBXFileReference; lastKnownFileType = sourcecode.swift; path = AddMovieViewController.swift; sourceTree = "<group>"; };
		1E0CFA3426955E0700BE22D9 /* Movie.swift */ = {isa = PBXFileReference; lastKnownFileType = sourcecode.swift; path = Movie.swift; sourceTree = "<group>"; };
		1E0CFA3626955F3400BE22D9 /* AddMovieProtocol.swift */ = {isa = PBXFileReference; lastKnownFileType = sourcecode.swift; path = AddMovieProtocol.swift; sourceTree = "<group>"; };
		1E52DC2026956BB000BE6F8F /* forthViewController.swift */ = {isa = PBXFileReference; lastKnownFileType = sourcecode.swift; path = forthViewController.swift; sourceTree = "<group>"; };
/* End PBXFileReference section */

/* Begin PBXFrameworksBuildPhase section */
		1E01CEEB26954C690008C5B0 /* Frameworks */ = {
			isa = PBXFrameworksBuildPhase;
			buildActionMask = 2147483647;
			files = (
			);
			runOnlyForDeploymentPostprocessing = 0;
		};
/* End PBXFrameworksBuildPhase section */

/* Begin PBXGroup section */
		1E01CEE526954C690008C5B0 = {
			isa = PBXGroup;
			children = (
				1E01CEF026954C690008C5B0 /* delegation pattern iti */,
				1E01CEEF26954C690008C5B0 /* Products */,
			);
			sourceTree = "<group>";
		};
		1E01CEEF26954C690008C5B0 /* Products */ = {
			isa = PBXGroup;
			children = (
				1E01CEEE26954C690008C5B0 /* delegation pattern iti.app */,
			);
			name = Products;
			sourceTree = "<group>";
		};
		1E01CEF026954C690008C5B0 /* delegation pattern iti */ = {
			isa = PBXGroup;
			children = (
				1E01CEF126954C690008C5B0 /* AppDelegate.swift */,
				1E0CFA3626955F3400BE22D9 /* AddMovieProtocol.swift */,
				1E0CFA3426955E0700BE22D9 /* Movie.swift */,
				1E01CEF326954C690008C5B0 /* SceneDelegate.swift */,
				1E01CEF726954C6A0008C5B0 /* Main.storyboard */,
				1E52DC2026956BB000BE6F8F /* forthViewController.swift */,
				1E0CFA3026955D7100BE22D9 /* MoviesTableViewController.swift */,
				1E0CFA3226955DAF00BE22D9 /* AddMovieViewController.swift */,
				1E01CEFD26954C6B0008C5B0 /* Assets.xcassets */,
				1E01CEFF26954C6B0008C5B0 /* LaunchScreen.storyboard */,
				1E01CF0226954C6B0008C5B0 /* Info.plist */,
				1E01CEFA26954C6A0008C5B0 /* delegation_pattern_iti.xcdatamodeld */,
			);
			path = "delegation pattern iti";
			sourceTree = "<group>";
		};
/* End PBXGroup section */

/* Begin PBXNativeTarget section */
		1E01CEED26954C690008C5B0 /* delegation pattern iti */ = {
			isa = PBXNativeTarget;
			buildConfigurationList = 1E01CF0526954C6B0008C5B0 /* Build configuration list for PBXNativeTarget "delegation pattern iti" */;
			buildPhases = (
				1E01CEEA26954C690008C5B0 /* Sources */,
				1E01CEEB26954C690008C5B0 /* Frameworks */,
				1E01CEEC26954C690008C5B0 /* Resources */,
			);
			buildRules = (
			);
			dependencies = (
			);
			name = "delegation pattern iti";
			productName = "delegation pattern iti";
			productReference = 1E01CEEE26954C690008C5B0 /* delegation pattern iti.app */;
			productType = "com.apple.product-type.application";
		};
/* End PBXNativeTarget section */

/* Begin PBXProject section */
		1E01CEE626954C690008C5B0 /* Project object */ = {
			isa = PBXProject;
			attributes = {
				LastSwiftUpdateCheck = 1110;
				LastUpgradeCheck = 1110;
				ORGANIZATIONNAME = mahmoud;
				TargetAttributes = {
					1E01CEED26954C690008C5B0 = {
						CreatedOnToolsVersion = 11.1;
					};
				};
			};
			buildConfigurationList = 1E01CEE926954C690008C5B0 /* Build configuration list for PBXProject "delegation pattern iti" */;
			compatibilityVersion = "Xcode 9.3";
			developmentRegion = en;
			hasScannedForEncodings = 0;
			knownRegions = (
				en,
				Base,
			);
			mainGroup = 1E01CEE526954C690008C5B0;
			productRefGroup = 1E01CEEF26954C690008C5B0 /* Products */;
			projectDirPath = "";
			projectRoot = "";
			targets = (
				1E01CEED26954C690008C5B0 /* delegation pattern iti */,
			);
		};
/* End PBXProject section */

/* Begin PBXResourcesBuildPhase section */
		1E01CEEC26954C690008C5B0 /* Resources */ = {
			isa = PBXResourcesBuildPhase;
			buildActionMask = 2147483647;
			files = (
				1E01CF0126954C6B0008C5B0 /* LaunchScreen.storyboard in Resources */,
				1E01CEFE26954C6B0008C5B0 /* Assets.xcassets in Resources */,
				1E01CEF926954C6A0008C5B0 /* Main.storyboard in Resources */,
			);
			runOnlyForDeploymentPostprocessing = 0;
		};
/* End PBXResourcesBuildPhase section */

/* Begin PBXSourcesBuildPhase section */
		1E01CEEA26954C690008C5B0 /* Sources */ = {
			isa = PBXSourcesBuildPhase;
			buildActionMask = 2147483647;
			files = (
				1E0CFA3126955D7100BE22D9 /* MoviesTableViewController.swift in Sources */,
				1E01CEFC26954C6A0008C5B0 /* delegation_pattern_iti.xcdatamodeld in Sources */,
				1E0CFA3526955E0700BE22D9 /* Movie.swift in Sources */,
				1E01CEF226954C690008C5B0 /* AppDelegate.swift in Sources */,
				1E0CFA3326955DAF00BE22D9 /* AddMovieViewController.swift in Sources */,
				1E01CEF426954C690008C5B0 /* SceneDelegate.swift in Sources */,
				1E52DC2126956BB000BE6F8F /* forthViewController.swift in Sources */,
				1E0CFA3726955F3400BE22D9 /* AddMovieProtocol.swift in Sources */,
			);
			runOnlyForDeploymentPostprocessing = 0;
		};
/* End PBXSourcesBuildPhase section */

/* Begin PBXVariantGroup section */
		1E01CEF726954C6A0008C5B0 /* Main.storyboard */ = {
			isa = PBXVariantGroup;
			children = (
				1E01CEF826954C6A0008C5B0 /* Base */,
			);
			name = Main.storyboard;
			sourceTree = "<group>";
		};
		1E01CEFF26954C6B0008C5B0 /* LaunchScreen.storyboard */ = {
			isa = PBXVariantGroup;
			children = (
				1E01CF0026954C6B0008C5B0 /* Base */,
			);
			name = LaunchScreen.storyboard;
			sourceTree = "<group>";
		};
/* End PBXVariantGroup section */

/* Begin XCBuildConfiguration section */
		1E01CF0326954C6B0008C5B0 /* Debug */ = {
			isa = XCBuildConfiguration;
			buildSettings = {
				ALWAYS_SEARCH_USER_PATHS = NO;
				CLANG_ANALYZER_NONNULL = YES;
				CLANG_ANALYZER_NUMBER_OBJECT_CONVERSION = YES_AGGRESSIVE;
				CLANG_CXX_LANGUAGE_STANDARD = "gnu++14";
				CLANG_CXX_LIBRARY = "libc++";
				CLANG_ENABLE_MODULES = YES;
				CLANG_ENABLE_OBJC_ARC = YES;
				CLANG_ENABLE_OBJC_WEAK = YES;
				CLANG_WARN_BLOCK_CAPTURE_AUTORELEASING = YES;
				CLANG_WARN_BOOL_CONVERSION = YES;
				CLANG_WARN_COMMA = YES;
				CLANG_WARN_CONSTANT_CONVERSION = YES;
				CLANG_WARN_DEPRECATED_OBJC_IMPLEMENTATIONS = YES;
				CLANG_WARN_DIRECT_OBJC_ISA_USAGE = YES_ERROR;
				CLANG_WARN_DOCUMENTATION_COMMENTS = YES;
				CLANG_WARN_EMPTY_BODY = YES;
				CLANG_WARN_ENUM_CONVERSION = YES;
				CLANG_WARN_INFINITE_RECURSION = YES;
				CLANG_WARN_INT_CONVERSION = YES;
				CLANG_WARN_NON_LITERAL_NULL_CONVERSION = YES;
				CLANG_WARN_OBJC_IMPLICIT_RETAIN_SELF = YES;
				CLANG_WARN_OBJC_LITERAL_CONVERSION = YES;
				CLANG_WARN_OBJC_ROOT_CLASS = YES_ERROR;
				CLANG_WARN_RANGE_LOOP_ANALYSIS = YES;
				CLANG_WARN_STRICT_PROTOTYPES = YES;
				CLANG_WARN_SUSPICIOUS_MOVE = YES;
				CLANG_WARN_UNGUARDED_AVAILABILITY = YES_AGGRESSIVE;
				CLANG_WARN_UNREACHABLE_CODE = YES;
				CLANG_WARN__DUPLICATE_METHOD_MATCH = YES;
				COPY_PHASE_STRIP = NO;
				DEBUG_INFORMATION_FORMAT = dwarf;
				ENABLE_STRICT_OBJC_MSGSEND = YES;
				ENABLE_TESTABILITY = YES;
				GCC_C_LANGUAGE_STANDARD = gnu11;
				GCC_DYNAMIC_NO_PIC = NO;
				GCC_NO_COMMON_BLOCKS = YES;
				GCC_OPTIMIZATION_LEVEL = 0;
				GCC_PREPROCESSOR_DEFINITIONS = (
					"DEBUG=1",
					"$(inherited)",
				);
				GCC_WARN_64_TO_32_BIT_CONVERSION = YES;
				GCC_WARN_ABOUT_RETURN_TYPE = YES_ERROR;
				GCC_WARN_UNDECLARED_SELECTOR = YES;
				GCC_WARN_UNINITIALIZED_AUTOS = YES_AGGRESSIVE;
				GCC_WARN_UNUSED_FUNCTION = YES;
				GCC_WARN_UNUSED_VARIABLE = YES;
				IPHONEOS_DEPLOYMENT_TARGET = 13.1;
				MTL_ENABLE_DEBUG_INFO = INCLUDE_SOURCE;
				MTL_FAST_MATH = YES;
				ONLY_ACTIVE_ARCH = YES;
				SDKROOT = iphoneos;
				SWIFT_ACTIVE_COMPILATION_CONDITIONS = DEBUG;
				SWIFT_OPTIMIZATION_LEVEL = "-Onone";
			};
			name = Debug;
		};
		1E01CF0426954C6B0008C5B0 /* Release */ = {
			isa = XCBuildConfiguration;
			buildSettings = {
				ALWAYS_SEARCH_USER_PATHS = NO;
				CLANG_ANALYZER_NONNULL = YES;
				CLANG_ANALYZER_NUMBER_OBJECT_CONVERSION = YES_AGGRESSIVE;
				CLANG_CXX_LANGUAGE_STANDARD = "gnu++14";
				CLANG_CXX_LIBRARY = "libc++";
				CLANG_ENABLE_MODULES = YES;
				CLANG_ENABLE_OBJC_ARC = YES;
				CLANG_ENABLE_OBJC_WEAK = YES;
				CLANG_WARN_BLOCK_CAPTURE_AUTORELEASING = YES;
				CLANG_WARN_BOOL_CONVERSION = YES;
				CLANG_WARN_COMMA = YES;
				CLANG_WARN_CONSTANT_CONVERSION = YES;
				CLANG_WARN_DEPRECATED_OBJC_IMPLEMENTATIONS = YES;
				CLANG_WARN_DIRECT_OBJC_ISA_USAGE = YES_ERROR;
				CLANG_WARN_DOCUMENTATION_COMMENTS = YES;
				CLANG_WARN_EMPTY_BODY = YES;
				CLANG_WARN_ENUM_CONVERSION = YES;
				CLANG_WARN_INFINITE_RECURSION = YES;
				CLANG_WARN_INT_CONVERSION = YES;
				CLANG_WARN_NON_LITERAL_NULL_CONVERSION = YES;
				CLANG_WARN_OBJC_IMPLICIT_RETAIN_SELF = YES;
				CLANG_WARN_OBJC_LITERAL_CONVERSION = YES;
				CLANG_WARN_OBJC_ROOT_CLASS = YES_ERROR;
				CLANG_WARN_RANGE_LOOP_ANALYSIS = YES;
				CLANG_WARN_STRICT_PROTOTYPES = YES;
				CLANG_WARN_SUSPICIOUS_MOVE = YES;
				CLANG_WARN_UNGUARDED_AVAILABILITY = YES_AGGRESSIVE;
				CLANG_WARN_UNREACHABLE_CODE = YES;
				CLANG_WARN__DUPLICATE_METHOD_MATCH = YES;
				COPY_PHASE_STRIP = NO;
				DEBUG_INFORMATION_FORMAT = "dwarf-with-dsym";
				ENABLE_NS_ASSERTIONS = NO;
				ENABLE_STRICT_OBJC_MSGSEND = YES;
				GCC_C_LANGUAGE_STANDARD = gnu11;
				GCC_NO_COMMON_BLOCKS = YES;
				GCC_WARN_64_TO_32_BIT_CONVERSION = YES;
				GCC_WARN_ABOUT_RETURN_TYPE = YES_ERROR;
				GCC_WARN_UNDECLARED_SELECTOR = YES;
				GCC_WARN_UNINITIALIZED_AUTOS = YES_AGGRESSIVE;
				GCC_WARN_UNUSED_FUNCTION = YES;
				GCC_WARN_UNUSED_VARIABLE = YES;
				IPHONEOS_DEPLOYMENT_TARGET = 13.1;
				MTL_ENABLE_DEBUG_INFO = NO;
				MTL_FAST_MATH = YES;
				SDKROOT = iphoneos;
				SWIFT_COMPILATION_MODE = wholemodule;
				SWIFT_OPTIMIZATION_LEVEL = "-O";
				VALIDATE_PRODUCT = YES;
			};
			name = Release;
		};
		1E01CF0626954C6B0008C5B0 /* Debug */ = {
			isa = XCBuildConfiguration;
			buildSettings = {
				ASSETCATALOG_COMPILER_APPICON_NAME = AppIcon;
				CODE_SIGN_STYLE = Automatic;
				INFOPLIST_FILE = "delegation pattern iti/Info.plist";
				LD_RUNPATH_SEARCH_PATHS = (
					"$(inherited)",
					"@executable_path/Frameworks",
				);
				PRODUCT_BUNDLE_IDENTIFIER = "co.mahmoud.delegation-pattern-iti";
				PRODUCT_NAME = "$(TARGET_NAME)";
				SWIFT_VERSION = 5.0;
				TARGETED_DEVICE_FAMILY = "1,2";
			};
			name = Debug;
		};
		1E01CF0726954C6B0008C5B0 /* Release */ = {
			isa = XCBuildConfiguration;
			buildSettings = {
				ASSETCATALOG_COMPILER_APPICON_NAME = AppIcon;
				CODE_SIGN_STYLE = Automatic;
				INFOPLIST_FILE = "delegation pattern iti/Info.plist";
				LD_RUNPATH_SEARCH_PATHS = (
					"$(inherited)",
					"@executable_path/Frameworks",
				);
				PRODUCT_BUNDLE_IDENTIFIER = "co.mahmoud.delegation-pattern-iti";
				PRODUCT_NAME = "$(TARGET_NAME)";
				SWIFT_VERSION = 5.0;
				TARGETED_DEVICE_FAMILY = "1,2";
			};
			name = Release;
		};
/* End XCBuildConfiguration section */

/* Begin XCConfigurationList section */
		1E01CEE926954C690008C5B0 /* Build configuration list for PBXProject "delegation pattern iti" */ = {
			isa = XCConfigurationList;
			buildConfigurations = (
				1E01CF0326954C6B0008C5B0 /* Debug */,
				1E01CF0426954C6B0008C5B0 /* Release */,
			);
			defaultConfigurationIsVisible = 0;
			defaultConfigurationName = Release;
		};
		1E01CF0526954C6B0008C5B0 /* Build configuration list for PBXNativeTarget "delegation pattern iti" */ = {
			isa = XCConfigurationList;
			buildConfigurations = (
				1E01CF0626954C6B0008C5B0 /* Debug */,
				1E01CF0726954C6B0008C5B0 /* Release */,
			);
			defaultConfigurationIsVisible = 0;
			defaultConfigurationName = Release;
		};
/* End XCConfigurationList section */

/* Begin XCVersionGroup section */
		1E01CEFA26954C6A0008C5B0 /* delegation_pattern_iti.xcdatamodeld */ = {
			isa = XCVersionGroup;
			children = (
				1E01CEFB26954C6A0008C5B0 /* delegation_pattern_iti.xcdatamodel */,
			);
			currentVersion = 1E01CEFB26954C6A0008C5B0 /* delegation_pattern_iti.xcdatamodel */;
			path = delegation_pattern_iti.xcdatamodeld;
			sourceTree = "<group>";
			versionGroupType = wrapper.xcdatamodel;
		};
/* End XCVersionGroup section */
	};
	rootObject = 1E01CEE626954C690008C5B0 /* Project object */;
}
